
Microsoft Visual Studio Solution File, Format Version 12.00
# Visual Studio Version 16
VisualStudioVersion = 16.0.30320.27
MinimumVisualStudioVersion = 10.0.40219.1
Project("{2150E333-8FDC-42A3-9474-1A3956D46DE8}") = "src", "src", "{8A94452C-E93D-4D33-A25D-71CD8E782068}"
EndProject
Project("{9A19103F-16F7-4668-BE54-9A1E7A4F7556}") = "Pdb.DomainEvents.EventDispatching.ServiceProvider", "src\Pdb.DomainEvents.EventDispatching.ServiceProvider\Pdb.DomainEvents.EventDispatching.ServiceProvider.csproj", "{70BA0898-A802-472B-8088-83558999B2D4}"
EndProject
Project("{2150E333-8FDC-42A3-9474-1A3956D46DE8}") = "Solution Items", "Solution Items", "{0654E5ED-8A62-4BE6-A612-6EF33A78C33F}"
	ProjectSection(SolutionItems) = preProject
		.editorconfig = .editorconfig
	EndProjectSection
EndProject
Project("{9A19103F-16F7-4668-BE54-9A1E7A4F7556}") = "Pdb.DomainEvents", "src\Pdb.DomainEvents\Pdb.DomainEvents.csproj", "{71176942-6DF6-4E27-B8AE-D2C6732980A1}"
EndProject
Global
	GlobalSection(SolutionConfigurationPlatforms) = preSolution
		Debug|Any CPU = Debug|Any CPU
		Release|Any CPU = Release|Any CPU
	EndGlobalSection
	GlobalSection(ProjectConfigurationPlatforms) = postSolution
		{70BA0898-A802-472B-8088-83558999B2D4}.Debug|Any CPU.ActiveCfg = Debug|Any CPU
		{70BA0898-A802-472B-8088-83558999B2D4}.Debug|Any CPU.Build.0 = Debug|Any CPU
		{70BA0898-A802-472B-8088-83558999B2D4}.Release|Any CPU.ActiveCfg = Release|Any CPU
		{70BA0898-A802-472B-8088-83558999B2D4}.Release|Any CPU.Build.0 = Release|Any CPU
		{71176942-6DF6-4E27-B8AE-D2C6732980A1}.Debug|Any CPU.ActiveCfg = Debug|Any CPU
		{71176942-6DF6-4E27-B8AE-D2C6732980A1}.Debug|Any CPU.Build.0 = Debug|Any CPU
		{71176942-6DF6-4E27-B8AE-D2C6732980A1}.Release|Any CPU.ActiveCfg = Release|Any CPU
		{71176942-6DF6-4E27-B8AE-D2C6732980A1}.Release|Any CPU.Build.0 = Release|Any CPU
	EndGlobalSection
	GlobalSection(SolutionProperties) = preSolution
		HideSolutionNode = FALSE
	EndGlobalSection
	GlobalSection(NestedProjects) = preSolution
		{70BA0898-A802-472B-8088-83558999B2D4} = {8A94452C-E93D-4D33-A25D-71CD8E782068}
		{71176942-6DF6-4E27-B8AE-D2C6732980A1} = {8A94452C-E93D-4D33-A25D-71CD8E782068}
	EndGlobalSection
	GlobalSection(ExtensibilityGlobals) = postSolution
		SolutionGuid = {B1674B3E-E660-4ADF-B80E-9AF8184D658B}
	EndGlobalSection
EndGlobal
